// !$*UTF8*$!
{
	archiveVersion = 1;
	classes = {
	};
	objectVersion = 50;
	objects = {

/* Begin PBXBuildFile section */
		55BBA82820A870AD008D44B0 /* Spellchecker.swift in Sources */ = {isa = PBXBuildFile; fileRef = 55BBA82720A870AD008D44B0 /* Spellchecker.swift */; };
		55BBA82A20A870EE008D44B0 /* Vocabulary.swift in Sources */ = {isa = PBXBuildFile; fileRef = 55BBA82920A870EE008D44B0 /* Vocabulary.swift */; };
		55D7525D20AC3B210002D47A /* FirstViewController.swift in Sources */ = {isa = PBXBuildFile; fileRef = 55D7525C20AC3B210002D47A /* FirstViewController.swift */; };
		55D7525F20AC91490002D47A /* VocabularyCheck.swift in Sources */ = {isa = PBXBuildFile; fileRef = 55D7525E20AC91490002D47A /* VocabularyCheck.swift */; };
		55D7526120ACBBBC0002D47A /* DownloadVocabulary.swift in Sources */ = {isa = PBXBuildFile; fileRef = 55D7526020ACBBBC0002D47A /* DownloadVocabulary.swift */; };
		55EBC48B20A304E900417738 /* AppDelegate.swift in Sources */ = {isa = PBXBuildFile; fileRef = 55EBC48A20A304E900417738 /* AppDelegate.swift */; };
		55EBC48D20A304E900417738 /* ViewController.swift in Sources */ = {isa = PBXBuildFile; fileRef = 55EBC48C20A304E900417738 /* ViewController.swift */; };
		55EBC49020A304E900417738 /* Main.storyboard in Resources */ = {isa = PBXBuildFile; fileRef = 55EBC48E20A304E900417738 /* Main.storyboard */; };
		55EBC49220A304EB00417738 /* Assets.xcassets in Resources */ = {isa = PBXBuildFile; fileRef = 55EBC49120A304EB00417738 /* Assets.xcassets */; };
		55EBC49520A304EB00417738 /* LaunchScreen.storyboard in Resources */ = {isa = PBXBuildFile; fileRef = 55EBC49320A304EB00417738 /* LaunchScreen.storyboard */; };
/* End PBXBuildFile section */

/* Begin PBXFileReference section */
		55BBA82720A870AD008D44B0 /* Spellchecker.swift */ = {isa = PBXFileReference; lastKnownFileType = sourcecode.swift; path = Spellchecker.swift; sourceTree = "<group>"; };
		55BBA82920A870EE008D44B0 /* Vocabulary.swift */ = {isa = PBXFileReference; lastKnownFileType = sourcecode.swift; path = Vocabulary.swift; sourceTree = "<group>"; };
		55D7525C20AC3B210002D47A /* FirstViewController.swift */ = {isa = PBXFileReference; lastKnownFileType = sourcecode.swift; path = FirstViewController.swift; sourceTree = "<group>"; };
		55D7525E20AC91490002D47A /* VocabularyCheck.swift */ = {isa = PBXFileReference; lastKnownFileType = sourcecode.swift; path = VocabularyCheck.swift; sourceTree = "<group>"; };
		55D7526020ACBBBC0002D47A /* DownloadVocabulary.swift */ = {isa = PBXFileReference; lastKnownFileType = sourcecode.swift; path = DownloadVocabulary.swift; sourceTree = "<group>"; };
		55EBC48720A304E900417738 /* Vocabulary.app */ = {isa = PBXFileReference; explicitFileType = wrapper.application; includeInIndex = 0; path = Vocabulary.app; sourceTree = BUILT_PRODUCTS_DIR; };
		55EBC48A20A304E900417738 /* AppDelegate.swift */ = {isa = PBXFileReference; lastKnownFileType = sourcecode.swift; path = AppDelegate.swift; sourceTree = "<group>"; };
		55EBC48C20A304E900417738 /* ViewController.swift */ = {isa = PBXFileReference; lastKnownFileType = sourcecode.swift; path = ViewController.swift; sourceTree = "<group>"; };
		55EBC48F20A304E900417738 /* Base */ = {isa = PBXFileReference; lastKnownFileType = file.storyboard; name = Base; path = Base.lproj/Main.storyboard; sourceTree = "<group>"; };
		55EBC49120A304EB00417738 /* Assets.xcassets */ = {isa = PBXFileReference; lastKnownFileType = folder.assetcatalog; path = Assets.xcassets; sourceTree = "<group>"; };
		55EBC49420A304EB00417738 /* Base */ = {isa = PBXFileReference; lastKnownFileType = file.storyboard; name = Base; path = Base.lproj/LaunchScreen.storyboard; sourceTree = "<group>"; };
		55EBC49620A304EB00417738 /* Info.plist */ = {isa = PBXFileReference; lastKnownFileType = text.plist.xml; path = Info.plist; sourceTree = "<group>"; };
/* End PBXFileReference section */

/* Begin PBXFrameworksBuildPhase section */
		55EBC48420A304E900417738 /* Frameworks */ = {
			isa = PBXFrameworksBuildPhase;
			buildActionMask = 2147483647;
			files = (
			);
			runOnlyForDeploymentPostprocessing = 0;
		};
/* End PBXFrameworksBuildPhase section */

/* Begin PBXGroup section */
		55EBC47E20A304E900417738 = {
			isa = PBXGroup;
			children = (
				55EBC48920A304E900417738 /* Vocabulary */,
				55EBC48820A304E900417738 /* Products */,
			);
			sourceTree = "<group>";
		};
		55EBC48820A304E900417738 /* Products */ = {
			isa = PBXGroup;
			children = (
				55EBC48720A304E900417738 /* Vocabulary.app */,
			);
			name = Products;
			sourceTree = "<group>";
		};
		55EBC48920A304E900417738 /* Vocabulary */ = {
			isa = PBXGroup;
			children = (
				55EBC48A20A304E900417738 /* AppDelegate.swift */,
				55D7525C20AC3B210002D47A /* FirstViewController.swift */,
				55D7525E20AC91490002D47A /* VocabularyCheck.swift */,
				55D7526020ACBBBC0002D47A /* DownloadVocabulary.swift */,
				55EBC48C20A304E900417738 /* ViewController.swift */,
				55BBA82920A870EE008D44B0 /* Vocabulary.swift */,
				55BBA82720A870AD008D44B0 /* Spellchecker.swift */,
				55EBC48E20A304E900417738 /* Main.storyboard */,
				55EBC49120A304EB00417738 /* Assets.xcassets */,
				55EBC49320A304EB00417738 /* LaunchScreen.storyboard */,
				55EBC49620A304EB00417738 /* Info.plist */,
			);
			path = Vocabulary;
			sourceTree = "<group>";
		};
/* End PBXGroup section */

/* Begin PBXNativeTarget section */
		55EBC48620A304E900417738 /* Vocabulary */ = {
			isa = PBXNativeTarget;
			buildConfigurationList = 55EBC49920A304EB00417738 /* Build configuration list for PBXNativeTarget "Vocabulary" */;
			buildPhases = (
				55EBC48320A304E900417738 /* Sources */,
				55EBC48420A304E900417738 /* Frameworks */,
				55EBC48520A304E900417738 /* Resources */,
			);
			buildRules = (
			);
			dependencies = (
			);
			name = Vocabulary;
			productName = Vocabulary;
			productReference = 55EBC48720A304E900417738 /* Vocabulary.app */;
			productType = "com.apple.product-type.application";
		};
/* End PBXNativeTarget section */

/* Begin PBXProject section */
		55EBC47F20A304E900417738 /* Project object */ = {
			isa = PBXProject;
			attributes = {
				LastSwiftUpdateCheck = 0930;
				LastUpgradeCheck = 0930;
				ORGANIZATIONNAME = "Станислав Тищенко";
				TargetAttributes = {
					55EBC48620A304E900417738 = {
						CreatedOnToolsVersion = 9.3;
					};
				};
			};
			buildConfigurationList = 55EBC48220A304E900417738 /* Build configuration list for PBXProject "Vocabulary" */;
			compatibilityVersion = "Xcode 9.3";
			developmentRegion = en;
			hasScannedForEncodings = 0;
			knownRegions = (
				en,
				Base,
			);
			mainGroup = 55EBC47E20A304E900417738;
			productRefGroup = 55EBC48820A304E900417738 /* Products */;
			projectDirPath = "";
			projectRoot = "";
			targets = (
				55EBC48620A304E900417738 /* Vocabulary */,
			);
		};
/* End PBXProject section */

/* Begin PBXResourcesBuildPhase section */
		55EBC48520A304E900417738 /* Resources */ = {
			isa = PBXResourcesBuildPhase;
			buildActionMask = 2147483647;
			files = (
				55EBC49520A304EB00417738 /* LaunchScreen.storyboard in Resources */,
				55EBC49220A304EB00417738 /* Assets.xcassets in Resources */,
				55EBC49020A304E900417738 /* Main.storyboard in Resources */,
			);
			runOnlyForDeploymentPostprocessing = 0;
		};
/* End PBXResourcesBuildPhase section */

/* Begin PBXSourcesBuildPhase section */
		55EBC48320A304E900417738 /* Sources */ = {
			isa = PBXSourcesBuildPhase;
			buildActionMask = 2147483647;
			files = (
				55D7525F20AC91490002D47A /* VocabularyCheck.swift in Sources */,
				55D7525D20AC3B210002D47A /* FirstViewController.swift in Sources */,
				55BBA82A20A870EE008D44B0 /* Vocabulary.swift in Sources */,
				55BBA82820A870AD008D44B0 /* Spellchecker.swift in Sources */,
				55EBC48D20A304E900417738 /* ViewController.swift in Sources */,
				55EBC48B20A304E900417738 /* AppDelegate.swift in Sources */,
				55D7526120ACBBBC0002D47A /* DownloadVocabulary.swift in Sources */,
			);
			runOnlyForDeploymentPostprocessing = 0;
		};
/* End PBXSourcesBuildPhase section */

/* Begin PBXVariantGroup section */
		55EBC48E20A304E900417738 /* Main.storyboard */ = {
			isa = PBXVariantGroup;
			children = (
				55EBC48F20A304E900417738 /* Base */,
			);
			name = Main.storyboard;
			sourceTree = "<group>";
		};
		55EBC49320A304EB00417738 /* LaunchScreen.storyboard */ = {
			isa = PBXVariantGroup;
			children = (
				55EBC49420A304EB00417738 /* Base */,
			);
			name = LaunchScreen.storyboard;
			sourceTree = "<group>";
		};
/* End PBXVariantGroup section */

/* Begin XCBuildConfiguration section */
		55EBC49720A304EB00417738 /* Debug */ = {
			isa = XCBuildConfiguration;
			buildSettings = {
				ALWAYS_SEARCH_USER_PATHS = NO;
				CLANG_ANALYZER_NONNULL = YES;
				CLANG_ANALYZER_NUMBER_OBJECT_CONVERSION = YES_AGGRESSIVE;
				CLANG_CXX_LANGUAGE_STANDARD = "gnu++14";
				CLANG_CXX_LIBRARY = "libc++";
				CLANG_ENABLE_MODULES = YES;
				CLANG_ENABLE_OBJC_ARC = YES;
				CLANG_ENABLE_OBJC_WEAK = YES;
				CLANG_WARN_BLOCK_CAPTURE_AUTORELEASING = YES;
				CLANG_WARN_BOOL_CONVERSION = YES;
				CLANG_WARN_COMMA = YES;
				CLANG_WARN_CONSTANT_CONVERSION = YES;
				CLANG_WARN_DEPRECATED_OBJC_IMPLEMENTATIONS = YES;
				CLANG_WARN_DIRECT_OBJC_ISA_USAGE = YES_ERROR;
				CLANG_WARN_DOCUMENTATION_COMMENTS = YES;
				CLANG_WARN_EMPTY_BODY = YES;
				CLANG_WARN_ENUM_CONVERSION = YES;
				CLANG_WARN_INFINITE_RECURSION = YES;
				CLANG_WARN_INT_CONVERSION = YES;
				CLANG_WARN_NON_LITERAL_NULL_CONVERSION = YES;
				CLANG_WARN_OBJC_IMPLICIT_RETAIN_SELF = YES;
				CLANG_WARN_OBJC_LITERAL_CONVERSION = YES;
				CLANG_WARN_OBJC_ROOT_CLASS = YES_ERROR;
				CLANG_WARN_RANGE_LOOP_ANALYSIS = YES;
				CLANG_WARN_STRICT_PROTOTYPES = YES;
				CLANG_WARN_SUSPICIOUS_MOVE = YES;
				CLANG_WARN_UNGUARDED_AVAILABILITY = YES_AGGRESSIVE;
				CLANG_WARN_UNREACHABLE_CODE = YES;
				CLANG_WARN__DUPLICATE_METHOD_MATCH = YES;
				CODE_SIGN_IDENTITY = "iPhone Developer";
				COPY_PHASE_STRIP = NO;
				DEBUG_INFORMATION_FORMAT = dwarf;
				ENABLE_STRICT_OBJC_MSGSEND = YES;
				ENABLE_TESTABILITY = YES;
				GCC_C_LANGUAGE_STANDARD = gnu11;
				GCC_DYNAMIC_NO_PIC = NO;
				GCC_NO_COMMON_BLOCKS = YES;
				GCC_OPTIMIZATION_LEVEL = 0;
				GCC_PREPROCESSOR_DEFINITIONS = (
					"DEBUG=1",
					"$(inherited)",
				);
				GCC_WARN_64_TO_32_BIT_CONVERSION = YES;
				GCC_WARN_ABOUT_RETURN_TYPE = YES_ERROR;
				GCC_WARN_UNDECLARED_SELECTOR = YES;
				GCC_WARN_UNINITIALIZED_AUTOS = YES_AGGRESSIVE;
				GCC_WARN_UNUSED_FUNCTION = YES;
				GCC_WARN_UNUSED_VARIABLE = YES;
				IPHONEOS_DEPLOYMENT_TARGET = 11.3;
				MTL_ENABLE_DEBUG_INFO = YES;
				ONLY_ACTIVE_ARCH = YES;
				SDKROOT = iphoneos;
				SWIFT_ACTIVE_COMPILATION_CONDITIONS = DEBUG;
				SWIFT_OPTIMIZATION_LEVEL = "-Onone";
			};
			name = Debug;
		};
		55EBC49820A304EB00417738 /* Release */ = {
			isa = XCBuildConfiguration;
			buildSettings = {
				ALWAYS_SEARCH_USER_PATHS = NO;
				CLANG_ANALYZER_NONNULL = YES;
				CLANG_ANALYZER_NUMBER_OBJECT_CONVERSION = YES_AGGRESSIVE;
				CLANG_CXX_LANGUAGE_STANDARD = "gnu++14";
				CLANG_CXX_LIBRARY = "libc++";
				CLANG_ENABLE_MODULES = YES;
				CLANG_ENABLE_OBJC_ARC = YES;
				CLANG_ENABLE_OBJC_WEAK = YES;
				CLANG_WARN_BLOCK_CAPTURE_AUTORELEASING = YES;
				CLANG_WARN_BOOL_CONVERSION = YES;
				CLANG_WARN_COMMA = YES;
				CLANG_WARN_CONSTANT_CONVERSION = YES;
				CLANG_WARN_DEPRECATED_OBJC_IMPLEMENTATIONS = YES;
				CLANG_WARN_DIRECT_OBJC_ISA_USAGE = YES_ERROR;
				CLANG_WARN_DOCUMENTATION_COMMENTS = YES;
				CLANG_WARN_EMPTY_BODY = YES;
				CLANG_WARN_ENUM_CONVERSION = YES;
				CLANG_WARN_INFINITE_RECURSION = YES;
				CLANG_WARN_INT_CONVERSION = YES;
				CLANG_WARN_NON_LITERAL_NULL_CONVERSION = YES;
				CLANG_WARN_OBJC_IMPLICIT_RETAIN_SELF = YES;
				CLANG_WARN_OBJC_LITERAL_CONVERSION = YES;
				CLANG_WARN_OBJC_ROOT_CLASS = YES_ERROR;
				CLANG_WARN_RANGE_LOOP_ANALYSIS = YES;
				CLANG_WARN_STRICT_PROTOTYPES = YES;
				CLANG_WARN_SUSPICIOUS_MOVE = YES;
				CLANG_WARN_UNGUARDED_AVAILABILITY = YES_AGGRESSIVE;
				CLANG_WARN_UNREACHABLE_CODE = YES;
				CLANG_WARN__DUPLICATE_METHOD_MATCH = YES;
				CODE_SIGN_IDENTITY = "iPhone Developer";
				COPY_PHASE_STRIP = NO;
				DEBUG_INFORMATION_FORMAT = "dwarf-with-dsym";
				ENABLE_NS_ASSERTIONS = NO;
				ENABLE_STRICT_OBJC_MSGSEND = YES;
				GCC_C_LANGUAGE_STANDARD = gnu11;
				GCC_NO_COMMON_BLOCKS = YES;
				GCC_WARN_64_TO_32_BIT_CONVERSION = YES;
				GCC_WARN_ABOUT_RETURN_TYPE = YES_ERROR;
				GCC_WARN_UNDECLARED_SELECTOR = YES;
				GCC_WARN_UNINITIALIZED_AUTOS = YES_AGGRESSIVE;
				GCC_WARN_UNUSED_FUNCTION = YES;
				GCC_WARN_UNUSED_VARIABLE = YES;
				IPHONEOS_DEPLOYMENT_TARGET = 11.3;
				MTL_ENABLE_DEBUG_INFO = NO;
				SDKROOT = iphoneos;
				SWIFT_COMPILATION_MODE = wholemodule;
				SWIFT_OPTIMIZATION_LEVEL = "-O";
				VALIDATE_PRODUCT = YES;
			};
			name = Release;
		};
		55EBC49A20A304EB00417738 /* Debug */ = {
			isa = XCBuildConfiguration;
			buildSettings = {
				ASSETCATALOG_COMPILER_APPICON_NAME = AppIcon;
				CODE_SIGN_STYLE = Automatic;
				INFOPLIST_FILE = Vocabulary/Info.plist;
				LD_RUNPATH_SEARCH_PATHS = (
					"$(inherited)",
					"@executable_path/Frameworks",
				);
				PRODUCT_BUNDLE_IDENTIFIER = "-easy.Vocabulary";
				PRODUCT_NAME = "$(TARGET_NAME)";
				SWIFT_VERSION = 4.0;
				TARGETED_DEVICE_FAMILY = "1,2";
			};
			name = Debug;
		};
		55EBC49B20A304EB00417738 /* Release */ = {
			isa = XCBuildConfiguration;
			buildSettings = {
				ASSETCATALOG_COMPILER_APPICON_NAME = AppIcon;
				CODE_SIGN_STYLE = Automatic;
				INFOPLIST_FILE = Vocabulary/Info.plist;
				LD_RUNPATH_SEARCH_PATHS = (
					"$(inherited)",
					"@executable_path/Frameworks",
				);
				PRODUCT_BUNDLE_IDENTIFIER = "-easy.Vocabulary";
				PRODUCT_NAME = "$(TARGET_NAME)";
				SWIFT_VERSION = 4.0;
				TARGETED_DEVICE_FAMILY = "1,2";
			};
			name = Release;
		};
/* End XCBuildConfiguration section */

/* Begin XCConfigurationList section */
		55EBC48220A304E900417738 /* Build configuration list for PBXProject "Vocabulary" */ = {
			isa = XCConfigurationList;
			buildConfigurations = (
				55EBC49720A304EB00417738 /* Debug */,
				55EBC49820A304EB00417738 /* Release */,
			);
			defaultConfigurationIsVisible = 0;
			defaultConfigurationName = Release;
		};
		55EBC49920A304EB00417738 /* Build configuration list for PBXNativeTarget "Vocabulary" */ = {
			isa = XCConfigurationList;
			buildConfigurations = (
				55EBC49A20A304EB00417738 /* Debug */,
				55EBC49B20A304EB00417738 /* Release */,
			);
			defaultConfigurationIsVisible = 0;
			defaultConfigurationName = Release;
		};
/* End XCConfigurationList section */
	};
	rootObject = 55EBC47F20A304E900417738 /* Project object */;
}
